
Microsoft Visual Studio Solution File, Format Version 12.00
# Visual Studio Version 16
VisualStudioVersion = 16.0.31702.278
MinimumVisualStudioVersion = 10.0.40219.1
Project("{FAE04EC0-301F-11D3-BF4B-00C04F79EFBC}") = "Memory1", "Memory1\Memory1.csproj", "{1C0419D7-847A-4386-AF1E-E4019E2CB231}"
EndProject
Global
	GlobalSection(SolutionConfigurationPlatforms) = preSolution
		Debug|Any CPU = Debug|Any CPU
		Release|Any CPU = Release|Any CPU
	EndGlobalSection
	GlobalSection(ProjectConfigurationPlatforms) = postSolution
		{1C0419D7-847A-4386-AF1E-E4019E2CB231}.Debug|Any CPU.ActiveCfg = Debug|Any CPU
		{1C0419D7-847A-4386-AF1E-E4019E2CB231}.Debug|Any CPU.Build.0 = Debug|Any CPU
		{1C0419D7-847A-4386-AF1E-E4019E2CB231}.Release|Any CPU.ActiveCfg = Release|Any CPU
		{1C0419D7-847A-4386-AF1E-E4019E2CB231}.Release|Any CPU.Build.0 = Release|Any CPU
	EndGlobalSection
	GlobalSection(SolutionProperties) = preSolution
		HideSolutionNode = FALSE
	EndGlobalSection
	GlobalSection(ExtensibilityGlobals) = postSolution
		SolutionGuid = {5B21E09B-5599-4F80-BA4C-CE30DFCED902}
	EndGlobalSection
EndGlobal
